
Microsoft Visual Studio Solution File, Format Version 12.00
# Visual Studio Version 17
VisualStudioVersion = 17.10.35027.167
MinimumVisualStudioVersion = 10.0.40219.1
Project("{FAE04EC0-301F-11D3-BF4B-00C04F79EFBC}") = "Task1", "Task1\Task1.csproj", "{BBBF63D4-4ACE-4D6B-B053-8768F2086B65}"
EndProject
Global
	GlobalSection(SolutionConfigurationPlatforms) = preSolution
		Debug|Any CPU = Debug|Any CPU
		Release|Any CPU = Release|Any CPU
	EndGlobalSection
	GlobalSection(ProjectConfigurationPlatforms) = postSolution
		{BBBF63D4-4ACE-4D6B-B053-8768F2086B65}.Debug|Any CPU.ActiveCfg = Debug|Any CPU
		{BBBF63D4-4ACE-4D6B-B053-8768F2086B65}.Debug|Any CPU.Build.0 = Debug|Any CPU
		{BBBF63D4-4ACE-4D6B-B053-8768F2086B65}.Release|Any CPU.ActiveCfg = Release|Any CPU
		{BBBF63D4-4ACE-4D6B-B053-8768F2086B65}.Release|Any CPU.Build.0 = Release|Any CPU
	EndGlobalSection
	GlobalSection(SolutionProperties) = preSolution
		HideSolutionNode = FALSE
	EndGlobalSection
	GlobalSection(ExtensibilityGlobals) = postSolution
		SolutionGuid = {BC6D3552-ADD0-422C-8E7F-D0045494EFFE}
	EndGlobalSection
EndGlobal
