
Microsoft Visual Studio Solution File, Format Version 12.00
# Visual Studio Version 17
VisualStudioVersion = 17.10.35027.167
MinimumVisualStudioVersion = 10.0.40219.1
Project("{FAE04EC0-301F-11D3-BF4B-00C04F79EFBC}") = "Task1", "Task1\Task1.csproj", "{1ECBE52F-2561-48F2-B08D-FF078D3B35F4}"
EndProject
Project("{FAE04EC0-301F-11D3-BF4B-00C04F79EFBC}") = "Task2", "Task2\Task2.csproj", "{FABE96DC-B5EB-4A91-9C70-D8E2B45437D1}"
EndProject
Global
	GlobalSection(SolutionConfigurationPlatforms) = preSolution
		Debug|Any CPU = Debug|Any CPU
		Release|Any CPU = Release|Any CPU
	EndGlobalSection
	GlobalSection(ProjectConfigurationPlatforms) = postSolution
		{1ECBE52F-2561-48F2-B08D-FF078D3B35F4}.Debug|Any CPU.ActiveCfg = Debug|Any CPU
		{1ECBE52F-2561-48F2-B08D-FF078D3B35F4}.Debug|Any CPU.Build.0 = Debug|Any CPU
		{1ECBE52F-2561-48F2-B08D-FF078D3B35F4}.Release|Any CPU.ActiveCfg = Release|Any CPU
		{1ECBE52F-2561-48F2-B08D-FF078D3B35F4}.Release|Any CPU.Build.0 = Release|Any CPU
		{FABE96DC-B5EB-4A91-9C70-D8E2B45437D1}.Debug|Any CPU.ActiveCfg = Debug|Any CPU
		{FABE96DC-B5EB-4A91-9C70-D8E2B45437D1}.Debug|Any CPU.Build.0 = Debug|Any CPU
		{FABE96DC-B5EB-4A91-9C70-D8E2B45437D1}.Release|Any CPU.ActiveCfg = Release|Any CPU
		{FABE96DC-B5EB-4A91-9C70-D8E2B45437D1}.Release|Any CPU.Build.0 = Release|Any CPU
	EndGlobalSection
	GlobalSection(SolutionProperties) = preSolution
		HideSolutionNode = FALSE
	EndGlobalSection
	GlobalSection(ExtensibilityGlobals) = postSolution
		SolutionGuid = {3ED669D5-A9D0-4F09-B29C-FD61DF427E70}
	EndGlobalSection
EndGlobal
