
Microsoft Visual Studio Solution File, Format Version 12.00
# Visual Studio Version 17
VisualStudioVersion = 17.10.35027.167
MinimumVisualStudioVersion = 10.0.40219.1
Project("{FAE04EC0-301F-11D3-BF4B-00C04F79EFBC}") = "Task1", "Task1\Task1.csproj", "{2B41D95B-C128-4CBA-844C-EE9C90328C6A}"
EndProject
Global
	GlobalSection(SolutionConfigurationPlatforms) = preSolution
		Debug|Any CPU = Debug|Any CPU
		Release|Any CPU = Release|Any CPU
	EndGlobalSection
	GlobalSection(ProjectConfigurationPlatforms) = postSolution
		{2B41D95B-C128-4CBA-844C-EE9C90328C6A}.Debug|Any CPU.ActiveCfg = Debug|Any CPU
		{2B41D95B-C128-4CBA-844C-EE9C90328C6A}.Debug|Any CPU.Build.0 = Debug|Any CPU
		{2B41D95B-C128-4CBA-844C-EE9C90328C6A}.Release|Any CPU.ActiveCfg = Release|Any CPU
		{2B41D95B-C128-4CBA-844C-EE9C90328C6A}.Release|Any CPU.Build.0 = Release|Any CPU
	EndGlobalSection
	GlobalSection(SolutionProperties) = preSolution
		HideSolutionNode = FALSE
	EndGlobalSection
	GlobalSection(ExtensibilityGlobals) = postSolution
		SolutionGuid = {DC25CC04-A3AA-43D0-B490-428D3AB08651}
	EndGlobalSection
EndGlobal
