
Microsoft Visual Studio Solution File, Format Version 12.00
# Visual Studio Version 17
VisualStudioVersion = 17.10.35027.167
MinimumVisualStudioVersion = 10.0.40219.1
Project("{FAE04EC0-301F-11D3-BF4B-00C04F79EFBC}") = "Task1", "Task1\Task1.csproj", "{45D652E6-DDC3-43D4-B4D3-2ADAC2587E42}"
EndProject
Global
	GlobalSection(SolutionConfigurationPlatforms) = preSolution
		Debug|Any CPU = Debug|Any CPU
		Release|Any CPU = Release|Any CPU
	EndGlobalSection
	GlobalSection(ProjectConfigurationPlatforms) = postSolution
		{45D652E6-DDC3-43D4-B4D3-2ADAC2587E42}.Debug|Any CPU.ActiveCfg = Debug|Any CPU
		{45D652E6-DDC3-43D4-B4D3-2ADAC2587E42}.Debug|Any CPU.Build.0 = Debug|Any CPU
		{45D652E6-DDC3-43D4-B4D3-2ADAC2587E42}.Release|Any CPU.ActiveCfg = Release|Any CPU
		{45D652E6-DDC3-43D4-B4D3-2ADAC2587E42}.Release|Any CPU.Build.0 = Release|Any CPU
	EndGlobalSection
	GlobalSection(SolutionProperties) = preSolution
		HideSolutionNode = FALSE
	EndGlobalSection
	GlobalSection(ExtensibilityGlobals) = postSolution
		SolutionGuid = {590AA47E-1A62-4E13-A58F-BAA4827CF992}
	EndGlobalSection
EndGlobal
