
Microsoft Visual Studio Solution File, Format Version 12.00
# Visual Studio Version 17
VisualStudioVersion = 17.10.35027.167
MinimumVisualStudioVersion = 10.0.40219.1
Project("{FAE04EC0-301F-11D3-BF4B-00C04F79EFBC}") = "Task1", "Task1\Task1.csproj", "{3AF3114C-21F3-4CB8-96A1-1711433D23D0}"
EndProject
Global
	GlobalSection(SolutionConfigurationPlatforms) = preSolution
		Debug|Any CPU = Debug|Any CPU
		Release|Any CPU = Release|Any CPU
	EndGlobalSection
	GlobalSection(ProjectConfigurationPlatforms) = postSolution
		{3AF3114C-21F3-4CB8-96A1-1711433D23D0}.Debug|Any CPU.ActiveCfg = Debug|Any CPU
		{3AF3114C-21F3-4CB8-96A1-1711433D23D0}.Debug|Any CPU.Build.0 = Debug|Any CPU
		{3AF3114C-21F3-4CB8-96A1-1711433D23D0}.Release|Any CPU.ActiveCfg = Release|Any CPU
		{3AF3114C-21F3-4CB8-96A1-1711433D23D0}.Release|Any CPU.Build.0 = Release|Any CPU
	EndGlobalSection
	GlobalSection(SolutionProperties) = preSolution
		HideSolutionNode = FALSE
	EndGlobalSection
	GlobalSection(ExtensibilityGlobals) = postSolution
		SolutionGuid = {4D927508-0901-43C4-879B-BB31AAB6A6F4}
	EndGlobalSection
EndGlobal
